{
  "lockfileVersion": 2,
  "configVersion": 1,
  "workspaces": {
    "": {
      "dependencies": {
        "@injurka/obsidian-importer": "npm:@jsr/injurka__obsidian-importer@^1.0.1",
        "@injurka/skills-installer": "npm:@jsr/injurka__skills-installer@^1.0.0",
        "@injurka/wander-mark-cli": "npm:@jsr/injurka__wander-mark-cli@1.1.2",
      },
    },
  },
  "packages": {
    "@aws-sdk/checksums": ["@aws-sdk/checksums@3.1000.29", "", { "dependencies": { "@aws-sdk/core": "^3.977.9", "@aws-sdk/types": "^3.974.5", "@smithy/core": "^3.33.3", "@smithy/types": "^4.17.2", "tslib": "^2.6.2" } }, "sha512-Dtu0gr4dnATZAPwEYbpCsG+MpLM7OAliy2gTepEFQwl1vZ6DL3QMH2FveMa3HLvPsOdhJsPRB3KtxVhph9T75A=="],

    "@aws-sdk/client-s3": ["@aws-sdk/client-s3@3.1125.0", "", { "dependencies": { "@aws-sdk/checksums": "^3.1000.29", "@aws-sdk/core": "^3.977.9", "@aws-sdk/credential-provider-node": "^3.972.82", "@aws-sdk/middleware-sdk-s3": "^3.972.75", "@aws-sdk/signature-v4-multi-region": "^3.996.46", "@aws-sdk/types": "^3.974.5", "@smithy/core": "^3.33.3", "@smithy/fetch-http-handler": "^5.7.2", "@smithy/node-http-handler": "^4.11.3", "@smithy/types": "^4.17.2", "tslib": "^2.6.2" } }, "sha512-l0npObtjYgqDfUHiifnWGFuAuMVq5r4AVf4C+jY+thJ/2iAr/eHqAjBR4clbmXxSoJ5w3+ZFGRPyci/CCkUoyg=="],

    "@aws-sdk/core": ["@aws-sdk/core@3.977.9", "", { "dependencies": { "@aws-sdk/types": "^3.974.5", "@aws-sdk/xml-builder": "^3.972.40", "@aws/lambda-invoke-store": "^0.3.0", "@smithy/core": "^3.33.3", "@smithy/signature-v4": "^5.6.12", "@smithy/types": "^4.17.2", "bowser": "^2.11.0", "tslib": "^2.6.2" } }, "sha512-reqPFEQrZxDZpeGj4PFMepBeR5LGYHRqq/L0motTzgFkCRBA4rFdaVXDSLYyGHhxVz7sT2PDnPN9CluGSfgyJA=="],

    "@aws-sdk/credential-provider-env": ["@aws-sdk/credential-provider-env@3.972.70", "", { "dependencies": { "@aws-sdk/core": "^3.977.9", "@aws-sdk/types": "^3.974.5", "@smithy/core": "^3.33.3", "@smithy/types": "^4.17.2", "tslib": "^2.6.2" } }, "sha512-H404B7dJl2mCrBqahDEYsanB0xhdDp6tXnXcTUnXmmpy2Q3J0Ho0bUajZ2jr/RdwzCyS59Gi8xXIFwPLGBl6Uw=="],

    "@aws-sdk/credential-provider-http": ["@aws-sdk/credential-provider-http@3.972.72", "", { "dependencies": { "@aws-sdk/core": "^3.977.9", "@aws-sdk/types": "^3.974.5", "@smithy/core": "^3.33.3", "@smithy/fetch-http-handler": "^5.7.2", "@smithy/node-http-handler": "^4.11.3", "@smithy/types": "^4.17.2", "tslib": "^2.6.2" } }, "sha512-X98zYOrVOeuosCX+6ktf29FC2N2GHPLia7qv6mzPzTc+RPAuHWCDS++Z6JK7eGYqb/v6uaW7bAXaOvDBfol+0w=="],

    "@aws-sdk/credential-provider-ini": ["@aws-sdk/credential-provider-ini@3.973.15", "", { "dependencies": { "@aws-sdk/core": "^3.977.9", "@aws-sdk/credential-provider-env": "^3.972.70", "@aws-sdk/credential-provider-http": "^3.972.72", "@aws-sdk/credential-provider-login": "^3.972.77", "@aws-sdk/credential-provider-process": "^3.972.70", "@aws-sdk/credential-provider-sso": "^3.973.14", "@aws-sdk/credential-provider-web-identity": "^3.972.76", "@aws-sdk/nested-clients": "^3.997.44", "@aws-sdk/types": "^3.974.5", "@smithy/core": "^3.33.3", "@smithy/credential-provider-imds": "^4.4.16", "@smithy/types": "^4.17.2", "tslib": "^2.6.2" } }, "sha512-Rykg6s5ceBuynMOGWgoowO4N+27JfnqXAnVaSunZl0hOO1XodSrxGNz6sCEbnmS0lAfQZDKyb3fbr46gSuv6Sg=="],

    "@aws-sdk/credential-provider-login": ["@aws-sdk/credential-provider-login@3.972.77", "", { "dependencies": { "@aws-sdk/core": "^3.977.9", "@aws-sdk/nested-clients": "^3.997.44", "@aws-sdk/types": "^3.974.5", "@smithy/core": "^3.33.3", "@smithy/types": "^4.17.2", "tslib": "^2.6.2" } }, "sha512-Jb59xfEISoN5mmbnA+HYqdtrSX3CgCtJoof+V5D8/TgUI56W63GEEd5Y58WijU3Ou6+WEgaLD1feVzaRXV5IDQ=="],

    "@aws-sdk/credential-provider-node": ["@aws-sdk/credential-provider-node@3.972.82", "", { "dependencies": { "@aws-sdk/credential-provider-env": "^3.972.70", "@aws-sdk/credential-provider-http": "^3.972.72", "@aws-sdk/credential-provider-ini": "^3.973.15", "@aws-sdk/credential-provider-process": "^3.972.70", "@aws-sdk/credential-provider-sso": "^3.973.14", "@aws-sdk/credential-provider-web-identity": "^3.972.76", "@aws-sdk/types": "^3.974.5", "@smithy/core": "^3.33.3", "@smithy/credential-provider-imds": "^4.4.16", "@smithy/types": "^4.17.2", "tslib": "^2.6.2" } }, "sha512-znDkEOGXB8W3kG1LJUKP3foBZY/9qLM0eil/DxWXSp37XsdsRLQHE/d/OaCGGVgKpA6znR38h/+INk8do1FjiA=="],

    "@aws-sdk/credential-provider-process": ["@aws-sdk/credential-provider-process@3.972.70", "", { "dependencies": { "@aws-sdk/core": "^3.977.9", "@aws-sdk/types": "^3.974.5", "@smithy/core": "^3.33.3", "@smithy/types": "^4.17.2", "tslib": "^2.6.2" } }, "sha512-2ry03fGRJr4sV3jI+ocjj5JqALnFD6ymM5KiNCDZMvq8bX2GSbE0vji4aM43TVCl2nXqqLRZaUxdq/KeWRAY4Q=="],

    "@aws-sdk/credential-provider-sso": ["@aws-sdk/credential-provider-sso@3.973.14", "", { "dependencies": { "@aws-sdk/core": "^3.977.9", "@aws-sdk/nested-clients": "^3.997.44", "@aws-sdk/token-providers": "3.1116.0", "@aws-sdk/types": "^3.974.5", "@smithy/core": "^3.33.3", "@smithy/types": "^4.17.2", "tslib": "^2.6.2" } }, "sha512-jkhg/8ocAAoc0RFyLMhCw+/zZh7gystQgd4F4hznNa8P4Cc501PQmxd+jGLiMHodPJ+7Zv/3znM62gZojyasmA=="],

    "@aws-sdk/credential-provider-web-identity": ["@aws-sdk/credential-provider-web-identity@3.972.76", "", { "dependencies": { "@aws-sdk/core": "^3.977.9", "@aws-sdk/nested-clients": "^3.997.44", "@aws-sdk/types": "^3.974.5", "@smithy/core": "^3.33.3", "@smithy/types": "^4.17.2", "tslib": "^2.6.2" } }, "sha512-d3AGyVu759PGr35mEB2s22xxlNEA5rpdxtSPJthfPFJvoQ8dt357iVPECqWfUxXp1toJAvKmbtcIYVGigaGsCA=="],

    "@aws-sdk/middleware-sdk-s3": ["@aws-sdk/middleware-sdk-s3@3.972.75", "", { "dependencies": { "@aws-sdk/core": "^3.977.9", "@aws-sdk/signature-v4-multi-region": "^3.996.46", "@aws-sdk/types": "^3.974.5", "@smithy/core": "^3.33.3", "@smithy/types": "^4.17.2", "tslib": "^2.6.2" } }, "sha512-wMIsNumRVKaNMKhvU/s9VrdEwE8S6gSzXp4RygFG5BEMnGkkXf8cjh8zf7cKJBpUDpqTWqwbz5isEgp9rH6Lng=="],

    "@aws-sdk/nested-clients": ["@aws-sdk/nested-clients@3.997.44", "", { "dependencies": { "@aws-sdk/core": "^3.977.9", "@aws-sdk/signature-v4-multi-region": "^3.996.46", "@aws-sdk/types": "^3.974.5", "@smithy/core": "^3.33.3", "@smithy/fetch-http-handler": "^5.7.2", "@smithy/node-http-handler": "^4.11.3", "@smithy/types": "^4.17.2", "tslib": "^2.6.2" } }, "sha512-NhEgryjlBF9w38ZXqGymQV28IhkYa1mKhlbYnqIis57AYwWGVYfUPgg/qC2rLRqOUfblxx++irvju10kVTa8Vw=="],

    "@aws-sdk/signature-v4-multi-region": ["@aws-sdk/signature-v4-multi-region@3.996.46", "", { "dependencies": { "@aws-sdk/types": "^3.974.5", "@smithy/signature-v4": "^5.6.12", "@smithy/types": "^4.17.2", "tslib": "^2.6.2" } }, "sha512-L+2xZTye/2T96f3lwCws0Zw6GG2JHZW9e8FpVgGBeeExSKyeoZ6CWRpBml/7DNiK/O26jrgPM9F+Ay8VkgzUWQ=="],

    "@aws-sdk/token-providers": ["@aws-sdk/token-providers@3.1116.0", "", { "dependencies": { "@aws-sdk/core": "^3.977.9", "@aws-sdk/nested-clients": "^3.997.44", "@aws-sdk/types": "^3.974.5", "@smithy/core": "^3.33.3", "@smithy/types": "^4.17.2", "tslib": "^2.6.2" } }, "sha512-ygIivKqh8aHzNkucOCXHyIBgBpLPfrSI0mCqXF+vLBsPTUKqj0VSqAY0GFPe7lQl4HntjOcQ+KSyS7oUV2C54Q=="],

    "@aws-sdk/types": ["@aws-sdk/types@3.974.5", "", { "dependencies": { "@smithy/types": "^4.17.2", "tslib": "^2.6.2" } }, "sha512-LkwLL2BLbC6wNNm4JaH9mbEqBMdOZCct6VAYqhdN4U1xrWM+fUJQEfbHwQgDypapOWTRtlk25akb5afM0P8CIQ=="],

    "@aws-sdk/xml-builder": ["@aws-sdk/xml-builder@3.972.40", "", { "dependencies": { "@smithy/types": "^4.17.2", "tslib": "^2.6.2" } }, "sha512-wlFmCIGUlwF4zx/kncw+bmxTQh1HeSJq4mYV/V5cZUSJadDP3kXvGW8Rn21cimj/7y9ju+47oYWXi97vF7czaA=="],

    "@aws/lambda-invoke-store": ["@aws/lambda-invoke-store@0.3.0", "", {}, "sha512-sl4Bm6yiMNYrZKkqqDFWN0UfnWhlS8ivKxrYl+6t0gCLrqr8y3B2IqZZbFRkfaVVp7C/baApyh71P+LeE1A2sQ=="],

    "@injurka/obsidian-importer": ["@jsr/injurka__obsidian-importer@1.0.1", "https://npm.jsr.io/~/11/@jsr/injurka__obsidian-importer/1.0.1.tgz", { "dependencies": { "@jsr/injurka__vault-locator": "^1.0.0", "@types/prompts": "^2.4.9", "prompts": "^2.4.2" } }, "sha512-Pq40zpxpu6FsNSOBYLxnsAYRFhM+6rKsIX3HkNdj+iVo40xE5xXd0tvPjmHvssTpj/Owh0sCqUUYouMdvsbDpg=="],

    "@injurka/skills-installer": ["@jsr/injurka__skills-installer@1.0.0", "https://npm.jsr.io/~/11/@jsr/injurka__skills-installer/1.0.0.tgz", { "dependencies": { "@jsr/injurka__vault-locator": "^1.0.0", "@types/prompts": "^2.4.9", "prompts": "^2.4.2" } }, "sha512-CedkMZ70u0HAkJE7D/TSezh7LHncRJo1OxmJ2WZeC52PMX0i5/7hm3mcbemtfSuxWFQAefYA0UjN8WkyMRIU/g=="],

    "@injurka/wander-mark-cli": ["@jsr/injurka__wander-mark-cli@1.1.2", "https://npm.jsr.io/~/11/@jsr/injurka__wander-mark-cli/1.1.2.tgz", { "dependencies": { "@aws-sdk/client-s3": "^3.1095.0" } }, "sha512-M8EBYgkE1ktnofh8tUAT5FXQnw0TeMp2xOccnlVBdKpZYwIhKX/esCBdhCJKSVOg0xK6rPrvxaVKm86x63SOoA=="],

    "@jsr/injurka__vault-locator": ["@jsr/injurka__vault-locator@1.0.0", "https://npm.jsr.io/~/11/@jsr/injurka__vault-locator/1.0.0.tgz", {}, "sha512-UFpW/7oSivo4KT41jDtqeUGehY0OD3rpRFHxKJTVJSa7hmfe+S8GsKas0qRAlrVPQoPIMFxbzn9wpKVEzITjyg=="],

    "@smithy/core": ["@smithy/core@3.33.3", "", { "dependencies": { "@smithy/types": "^4.17.2", "tslib": "^2.6.2" } }, "sha512-CsOeKq/9kA3y6VJHt+/+VTCtBaxJ4OTFpgrjIUhPpDIKxBci1k2bJaQASF2h/ELWrulGp+t97DZ0mevfAD8idg=="],

    "@smithy/credential-provider-imds": ["@smithy/credential-provider-imds@4.5.2", "", { "dependencies": { "@smithy/core": "^3.33.2", "@smithy/types": "^4.17.2", "tslib": "^2.6.2" } }, "sha512-A9uSdn72ozbRUSit0eib0TW7nXuNPlaeM0zcGkJ+nE6tFcSDbnmtwoxbTCFBukVQcszDAyvsd7+rTduPTXpygg=="],

    "@smithy/fetch-http-handler": ["@smithy/fetch-http-handler@5.7.2", "", { "dependencies": { "@smithy/core": "^3.33.2", "@smithy/types": "^4.17.2", "tslib": "^2.6.2" } }, "sha512-nZyWTmSpJEXl6VtWVMBJve/7x12DZu6sIX1z1a+ZMaHlQQRs9Zpu6NbTe/gmxYXVRpkjxyDYpZ5gx2IM6f/Wkw=="],

    "@smithy/node-http-handler": ["@smithy/node-http-handler@4.12.0", "", { "dependencies": { "@smithy/core": "^3.33.3", "@smithy/types": "^4.17.2", "tslib": "^2.6.2" } }, "sha512-0mq1pHadfyXCYCqm2cNpbjNIT+fbaUpNxewZb/YNr2L0IrEVMOb8gM/Fl4K6XvHCW3uSNDFwPl/+iKm0bx9jYg=="],

    "@smithy/signature-v4": ["@smithy/signature-v4@5.7.3", "", { "dependencies": { "@smithy/core": "^3.33.3", "@smithy/types": "^4.17.2", "tslib": "^2.6.2" } }, "sha512-7ImGm+FkHRLcBaRttIAMZ6bzJZWb2cJGoYjq46F2UjycujWzrL9GEN9h4w7eQyXJYnltrUhxbbieBAIRrdqpow=="],

    "@smithy/types": ["@smithy/types@4.17.2", "", { "dependencies": { "tslib": "^2.6.2" } }, "sha512-FOKpVZob9MPTn2znRzGrnsMHv7BOsKVw3XiP/cOyYLDVZ9qKp4nifIiSCuUU/fIj5Vu0UOAxCFr+qRAtG0NUkA=="],

    "@types/node": ["@types/node@26.4.1", "", { "dependencies": { "undici-types": "~8.3.0" } }, "sha512-k97ENvZWtvA6yqz5/FS6a7duDgOPEeOQOc2iKS/nY6mX6qJUKtLnWzQS+Xj6tXweyj6ZcTAK2Qecetnvi9nCLA=="],

    "@types/prompts": ["@types/prompts@2.4.9", "", { "dependencies": { "@types/node": "*", "kleur": "^3.0.3" } }, "sha512-qTxFi6Buiu8+50/+3DGIWLHM6QuWsEKugJnnP6iv2Mc4ncxE4A/OJkjuVOA+5X0X1S/nq5VJRa8Lu+nwcvbrKA=="],

    "bowser": ["bowser@2.14.1", "", {}, "sha512-tzPjzCxygAKWFOJP011oxFHs57HzIhOEracIgAePE4pqB3LikALKnSzUyU4MGs9/iCEUuHlAJTjTc5M+u7YEGg=="],

    "kleur": ["kleur@3.0.3", "", {}, "sha512-eTIzlVOSUR+JxdDFepEYcBMtZ9Qqdef+rnzWdRZuMbOywu5tO2w2N7rqjoANZ5k9vywhL6Br1VRjUIgTQx4E8w=="],

    "prompts": ["prompts@2.4.2", "", { "dependencies": { "kleur": "^3.0.3", "sisteransi": "^1.0.5" } }, "sha512-NxNv/kLguCA7p3jE8oL2aEBsrJWgAakBpgmgK6lpPWV+WuOmY6r2/zbAVnP+T8bQlA0nzHXSJSJW0Hq7ylaD2Q=="],

    "sisteransi": ["sisteransi@1.0.5", "", {}, "sha512-bLGGlR1QxBcynn2d5YmDX4MGjlZvy2MRBDRNHLJ8VI6l6+9FUiyTFNJ0IveOSP0bcXgVDPRcfGqA0pjaqUpfVg=="],

    "tslib": ["tslib@2.8.1", "", {}, "sha512-oJFu94HQb+KVduSUQL7wnpmqnfmLsOA/nAh6b6EH0wCEoK0/mPeXU6c3wKDV83MkOuHPRHtSXKKU99IBazS/2w=="],

    "undici-types": ["undici-types@8.3.0", "", {}, "sha512-j375ScV60dom+YkPFIfTLcOiPxkN/buHz5GobjLhixFuANaNs3C9l4GmrWqejgXWJ7BbJcFYpTEUkS1Ge8bpZQ=="],
  }
}
